lockfileVersion: '9.0'

settings:
  autoInstallPeers: true
  excludeLinksFromLockfile: false

importers:

  .:
    dependencies:
      turbo:
        specifier: ^2.0.9
        version: 2.0.9
    devDependencies:
      '@types/node':
        specifier: ^20.14.12
        version: 20.14.12
      typescript:
        specifier: ^5.5.4
        version: 5.5.4

  apps/testproject: {}

packages:

  '@types/node@20.14.12':
    resolution: {integrity: sha512-r7wNXakLeSsGT0H1AU863vS2wa5wBOK4bWMjZz2wj+8nBx+m5PeIn0k8AloSLpRuiwdRQZwarZqHE4FNArPuJQ==}

  turbo-darwin-64@2.0.9:
    resolution: {integrity: sha512-owlGsOaExuVGBUfrnJwjkL1BWlvefjSKczEAcpLx4BI7Oh6ttakOi+JyomkPkFlYElRpjbvlR2gP8WIn6M/+xQ==}
    cpu: [x64]
    os: [darwin]

  turbo-darwin-arm64@2.0.9:
    resolution: {integrity: sha512-XAXkKkePth5ZPPE/9G9tTnPQx0C8UTkGWmNGYkpmGgRr8NedW+HrPsi9N0HcjzzIH9A4TpNYvtiV+WcwdaEjKA==}
    cpu: [arm64]
    os: [darwin]

  turbo-linux-64@2.0.9:
    resolution: {integrity: sha512-l9wSgEjrCFM1aG16zItBsZ206ZlhSSx1owB8Cgskfv0XyIXRGHRkluihiaxkp+UeU5WoEfz4EN5toc+ICA0q0w==}
    cpu: [x64]
    os: [linux]

  turbo-linux-arm64@2.0.9:
    resolution: {integrity: sha512-gRnjxXRne18B27SwxXMqL3fJu7jw/8kBrOBTBNRSmZZiG1Uu3nbnP7b4lgrA/bCku6C0Wligwqurvtpq6+nFHA==}
    cpu: [arm64]
    os: [linux]

  turbo-windows-64@2.0.9:
    resolution: {integrity: sha512-ZVo0apxUvaRq4Vm1qhsfqKKhtRgReYlBVf9MQvVU1O9AoyydEQvLDO1ryqpXDZWpcHoFxHAQc9msjAMtE5K2lA==}
    cpu: [x64]
    os: [win32]

  turbo-windows-arm64@2.0.9:
    resolution: {integrity: sha512-sGRz7c5Pey6y7y9OKi8ypbWNuIRPF9y8xcMqL56OZifSUSo+X2EOsOleR9MKxQXVaqHPGOUKWsE6y8hxBi9pag==}
    cpu: [arm64]
    os: [win32]

  turbo@2.0.9:
    resolution: {integrity: sha512-QaLaUL1CqblSKKPgLrFW3lZWkWG4pGBQNW+q1ScJB5v1D/nFWtsrD/yZljW/bdawg90ihi4/ftQJ3h6fz1FamA==}
    hasBin: true

  typescript@5.5.4:
    resolution: {integrity: sha512-Mtq29sKDAEYP7aljRgtPOpTvOfbwRWlS6dPRzwjdE+C0R4brX/GUyhHSecbHMFLNBLcJIPt9nl9yG5TZ1weH+Q==}
    engines: {node: '>=14.17'}
    hasBin: true

  undici-types@5.26.5:
    resolution: {integrity: sha512-JlCMO+ehdEIKqlFxk6IfVoAUVmgz7cU7zD/h9XZ0qzeosSHmUJVOzSQvvYSYWXkFXC+IfLKSIffhv0sVZup6pA==}

snapshots:

  '@types/node@20.14.12':
    dependencies:
      undici-types: 5.26.5

  turbo-darwin-64@2.0.9:
    optional: true

  turbo-darwin-arm64@2.0.9:
    optional: true

  turbo-linux-64@2.0.9:
    optional: true

  turbo-linux-arm64@2.0.9:
    optional: true

  turbo-windows-64@2.0.9:
    optional: true

  turbo-windows-arm64@2.0.9:
    optional: true

  turbo@2.0.9:
    optionalDependencies:
      turbo-darwin-64: 2.0.9
      turbo-darwin-arm64: 2.0.9
      turbo-linux-64: 2.0.9
      turbo-linux-arm64: 2.0.9
      turbo-windows-64: 2.0.9
      turbo-windows-arm64: 2.0.9

  typescript@5.5.4: {}

  undici-types@5.26.5: {}
